# THIS IS AN AUTOGENERATED FILE. DO NOT EDIT THIS FILE DIRECTLY.
# yarn lockfile v1


eslint-plugin-unused-imports@^1.1.1:
  version "1.1.1"
  resolved "https://registry.yarnpkg.com/eslint-plugin-unused-imports/-/eslint-plugin-unused-imports-1.1.1.tgz#a5433f8b394461201129a246d8d92d9613e69597"
  integrity sha512-EApvRx9Q3XQI96Tg7xPPqY6OuOy95wWMXAtc8RrwdIRk9bv8vkJKwOVoE4HeWJOQhHeHcI8lUbOqmup/PxjfOw==
  dependencies:
    eslint-rule-composer "^0.3.0"

eslint-rule-composer@^0.3.0:
  version "0.3.0"
  resolved "https://registry.yarnpkg.com/eslint-rule-composer/-/eslint-rule-composer-0.3.0.tgz#79320c927b0c5c0d3d3d2b76c8b4a488f25bbaf9"
  integrity sha512-bt+Sh8CtDmn2OajxvNO+BX7Wn4CIWMpTRm3MaiKPCQcnnlm0CS2mhui6QaoeQugs+3Kj2ESKEEGJUdVafwhiCg==
